
Microsoft Visual Studio Solution File, Format Version 12.00
# Visual Studio Version 17
VisualStudioVersion = 17.7.34031.279
MinimumVisualStudioVersion = 10.0.40219.1
Project("{FAE04EC0-301F-11D3-BF4B-00C04F79EFBC}") = "DataAccess", "DataAccess\DataAccess.csproj", "{CD14808E-48AE-477C-8291-0A46E32F051D}"
EndProject
Project("{FAE04EC0-301F-11D3-BF4B-00C04F79EFBC}") = "Business", "Business\Business.csproj", "{49E60357-34B8-43A0-9461-361FAE4620FC}"
EndProject
Project("{FAE04EC0-301F-11D3-BF4B-00C04F79EFBC}") = "Entities", "Entities\Entities.csproj", "{769116EE-C5D0-4780-889E-8D0C50CB48BD}"
EndProject
Project("{FAE04EC0-301F-11D3-BF4B-00C04F79EFBC}") = "ConsoleUI", "ConsoleUI\ConsoleUI.csproj", "{ED20CCFB-9959-43F3-AD9C-74C68652DA5A}"
EndProject
Global
	GlobalSection(SolutionConfigurationPlatforms) = preSolution
		Debug|Any CPU = Debug|Any CPU
		Release|Any CPU = Release|Any CPU
	EndGlobalSection
	GlobalSection(ProjectConfigurationPlatforms) = postSolution
		{CD14808E-48AE-477C-8291-0A46E32F051D}.Debug|Any CPU.ActiveCfg = Debug|Any CPU
		{CD14808E-48AE-477C-8291-0A46E32F051D}.Debug|Any CPU.Build.0 = Debug|Any CPU
		{CD14808E-48AE-477C-8291-0A46E32F051D}.Release|Any CPU.ActiveCfg = Release|Any CPU
		{CD14808E-48AE-477C-8291-0A46E32F051D}.Release|Any CPU.Build.0 = Release|Any CPU
		{49E60357-34B8-43A0-9461-361FAE4620FC}.Debug|Any CPU.ActiveCfg = Debug|Any CPU
		{49E60357-34B8-43A0-9461-361FAE4620FC}.Debug|Any CPU.Build.0 = Debug|Any CPU
		{49E60357-34B8-43A0-9461-361FAE4620FC}.Release|Any CPU.ActiveCfg = Release|Any CPU
		{49E60357-34B8-43A0-9461-361FAE4620FC}.Release|Any CPU.Build.0 = Release|Any CPU
		{769116EE-C5D0-4780-889E-8D0C50CB48BD}.Debug|Any CPU.ActiveCfg = Debug|Any CPU
		{769116EE-C5D0-4780-889E-8D0C50CB48BD}.Debug|Any CPU.Build.0 = Debug|Any CPU
		{769116EE-C5D0-4780-889E-8D0C50CB48BD}.Release|Any CPU.ActiveCfg = Release|Any CPU
		{769116EE-C5D0-4780-889E-8D0C50CB48BD}.Release|Any CPU.Build.0 = Release|Any CPU
		{ED20CCFB-9959-43F3-AD9C-74C68652DA5A}.Debug|Any CPU.ActiveCfg = Debug|Any CPU
		{ED20CCFB-9959-43F3-AD9C-74C68652DA5A}.Debug|Any CPU.Build.0 = Debug|Any CPU
		{ED20CCFB-9959-43F3-AD9C-74C68652DA5A}.Release|Any CPU.ActiveCfg = Release|Any CPU
		{ED20CCFB-9959-43F3-AD9C-74C68652DA5A}.Release|Any CPU.Build.0 = Release|Any CPU
	EndGlobalSection
	GlobalSection(SolutionProperties) = preSolution
		HideSolutionNode = FALSE
	EndGlobalSection
	GlobalSection(ExtensibilityGlobals) = postSolution
		SolutionGuid = {D24BDB7F-EB09-4B48-8746-D43316C7D711}
	EndGlobalSection
EndGlobal
